
Microsoft Visual Studio Solution File, Format Version 12.00
# Visual Studio Version 17
VisualStudioVersion = 17.9.34728.123
MinimumVisualStudioVersion = 10.0.40219.1
Project("{FAE04EC0-301F-11D3-BF4B-00C04F79EFBC}") = "CollegeDBApp", "CollegeDBApp\CollegeDBApp.csproj", "{062BFB6A-A6BD-4507-94B5-2C0413F2036A}"
EndProject
Global
	GlobalSection(SolutionConfigurationPlatforms) = preSolution
		Debug|Any CPU = Debug|Any CPU
		Release|Any CPU = Release|Any CPU
	EndGlobalSection
	GlobalSection(ProjectConfigurationPlatforms) = postSolution
		{062BFB6A-A6BD-4507-94B5-2C0413F2036A}.Debug|Any CPU.ActiveCfg = Debug|Any CPU
		{062BFB6A-A6BD-4507-94B5-2C0413F2036A}.Debug|Any CPU.Build.0 = Debug|Any CPU
		{062BFB6A-A6BD-4507-94B5-2C0413F2036A}.Release|Any CPU.ActiveCfg = Release|Any CPU
		{062BFB6A-A6BD-4507-94B5-2C0413F2036A}.Release|Any CPU.Build.0 = Release|Any CPU
	EndGlobalSection
	GlobalSection(SolutionProperties) = preSolution
		HideSolutionNode = FALSE
	EndGlobalSection
	GlobalSection(ExtensibilityGlobals) = postSolution
		SolutionGuid = {09EF5F31-9397-4F14-86DD-ECDDD6E3FC9C}
	EndGlobalSection
EndGlobal
